
Microsoft Visual Studio Solution File, Format Version 12.00
# Visual Studio Version 17
VisualStudioVersion = 17.0.32112.339
MinimumVisualStudioVersion = 10.0.40219.1
Project("{FAE04EC0-301F-11D3-BF4B-00C04F79EFBC}") = "WinFormsLabirynt", "WinFormsLabirynt.csproj", "{F8DAD58B-22D9-441D-BBB6-19EA765E0A23}"
EndProject
Global
	GlobalSection(SolutionConfigurationPlatforms) = preSolution
		Debug|Any CPU = Debug|Any CPU
		Release|Any CPU = Release|Any CPU
	EndGlobalSection
	GlobalSection(ProjectConfigurationPlatforms) = postSolution
		{F8DAD58B-22D9-441D-BBB6-19EA765E0A23}.Debug|Any CPU.ActiveCfg = Debug|Any CPU
		{F8DAD58B-22D9-441D-BBB6-19EA765E0A23}.Debug|Any CPU.Build.0 = Debug|Any CPU
		{F8DAD58B-22D9-441D-BBB6-19EA765E0A23}.Release|Any CPU.ActiveCfg = Release|Any CPU
		{F8DAD58B-22D9-441D-BBB6-19EA765E0A23}.Release|Any CPU.Build.0 = Release|Any CPU
	EndGlobalSection
	GlobalSection(SolutionProperties) = preSolution
		HideSolutionNode = FALSE
	EndGlobalSection
	GlobalSection(ExtensibilityGlobals) = postSolution
		SolutionGuid = {01F1045E-91BE-4D90-BB9D-022B58B87DD8}
	EndGlobalSection
EndGlobal
